
Microsoft Visual Studio Solution File, Format Version 12.00
# Visual Studio Version 16
VisualStudioVersion = 16.0.32602.291
MinimumVisualStudioVersion = 10.0.40219.1
Project("{FAE04EC0-301F-11D3-BF4B-00C04F79EFBC}") = "Transciever", "Transciever\Transciever.csproj", "{1886E2AE-5120-4060-90CD-462925072F3F}"
EndProject
Global
	GlobalSection(SolutionConfigurationPlatforms) = preSolution
		Debug|Any CPU = Debug|Any CPU
		Release|Any CPU = Release|Any CPU
	EndGlobalSection
	GlobalSection(ProjectConfigurationPlatforms) = postSolution
		{1886E2AE-5120-4060-90CD-462925072F3F}.Debug|Any CPU.ActiveCfg = Debug|Any CPU
		{1886E2AE-5120-4060-90CD-462925072F3F}.Debug|Any CPU.Build.0 = Debug|Any CPU
		{1886E2AE-5120-4060-90CD-462925072F3F}.Release|Any CPU.ActiveCfg = Release|Any CPU
		{1886E2AE-5120-4060-90CD-462925072F3F}.Release|Any CPU.Build.0 = Release|Any CPU
	EndGlobalSection
	GlobalSection(SolutionProperties) = preSolution
		HideSolutionNode = FALSE
	EndGlobalSection
	GlobalSection(ExtensibilityGlobals) = postSolution
		SolutionGuid = {3B07A75B-5B5E-4240-9E30-D6E81251CBD2}
	EndGlobalSection
EndGlobal
